
Microsoft Visual Studio Solution File, Format Version 12.00
Project("{FAE04EC0-301F-11D3-BF4B-00C04F79EFBC}") = "Movies.Api", "Movies.Api\Movies.Api.csproj", "{29A008A8-149D-471C-B9C3-4641BC376786}"
EndProject
Project("{2150E333-8FDC-42A3-9474-1A3956D46DE8}") = "GettingStarted", "GettingStarted", "{AEE98B3A-7F5E-41F0-9E28-0C5B9DA4FBEB}"
EndProject
Project("{FAE04EC0-301F-11D3-BF4B-00C04F79EFBC}") = "Movies.Application", "Movies.Application\Movies.Application.csproj", "{B5375AC6-38EB-4BB0-B89C-C646BA4701B8}"
EndProject
Project("{FAE04EC0-301F-11D3-BF4B-00C04F79EFBC}") = "Movies.Contracts", "Movies.Contracts\Movies.Contracts.csproj", "{AFAB18D3-432B-46B2-B229-A10A6E7917ED}"
EndProject
Project("{2150E333-8FDC-42A3-9474-1A3956D46DE8}") = "Helpers", "Helpers", "{85B2D35C-65F6-42A2-ABC8-F0CADD2A112A}"
EndProject
Project("{FAE04EC0-301F-11D3-BF4B-00C04F79EFBC}") = "Identity.Api", "Identity.Api\Identity.Api.csproj", "{EDE6418D-A645-495C-85F3-BFDEC22EAE5D}"
EndProject
Project("{FAE04EC0-301F-11D3-BF4B-00C04F79EFBC}") = "Movie.Api.Sdk", "Movie.Api.Sdk\Movie.Api.Sdk.csproj", "{70FE274F-D5C7-4BE9-A5D5-AFEF8761959D}"
EndProject
Project("{FAE04EC0-301F-11D3-BF4B-00C04F79EFBC}") = "Movies.Api.Sdk.Consumer", "Movies.Api.Sdk.Consumer\Movies.Api.Sdk.Consumer.csproj", "{349A1B22-5274-4C04-B8BF-9E7FA7737F8A}"
EndProject
Global
	GlobalSection(SolutionConfigurationPlatforms) = preSolution
		Debug|Any CPU = Debug|Any CPU
		Release|Any CPU = Release|Any CPU
	EndGlobalSection
	GlobalSection(ProjectConfigurationPlatforms) = postSolution
		{29A008A8-149D-471C-B9C3-4641BC376786}.Debug|Any CPU.ActiveCfg = Debug|Any CPU
		{29A008A8-149D-471C-B9C3-4641BC376786}.Debug|Any CPU.Build.0 = Debug|Any CPU
		{29A008A8-149D-471C-B9C3-4641BC376786}.Release|Any CPU.ActiveCfg = Release|Any CPU
		{29A008A8-149D-471C-B9C3-4641BC376786}.Release|Any CPU.Build.0 = Release|Any CPU
		{B5375AC6-38EB-4BB0-B89C-C646BA4701B8}.Debug|Any CPU.ActiveCfg = Debug|Any CPU
		{B5375AC6-38EB-4BB0-B89C-C646BA4701B8}.Debug|Any CPU.Build.0 = Debug|Any CPU
		{B5375AC6-38EB-4BB0-B89C-C646BA4701B8}.Release|Any CPU.ActiveCfg = Release|Any CPU
		{B5375AC6-38EB-4BB0-B89C-C646BA4701B8}.Release|Any CPU.Build.0 = Release|Any CPU
		{AFAB18D3-432B-46B2-B229-A10A6E7917ED}.Debug|Any CPU.ActiveCfg = Debug|Any CPU
		{AFAB18D3-432B-46B2-B229-A10A6E7917ED}.Debug|Any CPU.Build.0 = Debug|Any CPU
		{AFAB18D3-432B-46B2-B229-A10A6E7917ED}.Release|Any CPU.ActiveCfg = Release|Any CPU
		{AFAB18D3-432B-46B2-B229-A10A6E7917ED}.Release|Any CPU.Build.0 = Release|Any CPU
		{EDE6418D-A645-495C-85F3-BFDEC22EAE5D}.Debug|Any CPU.ActiveCfg = Debug|Any CPU
		{EDE6418D-A645-495C-85F3-BFDEC22EAE5D}.Debug|Any CPU.Build.0 = Debug|Any CPU
		{EDE6418D-A645-495C-85F3-BFDEC22EAE5D}.Release|Any CPU.ActiveCfg = Release|Any CPU
		{EDE6418D-A645-495C-85F3-BFDEC22EAE5D}.Release|Any CPU.Build.0 = Release|Any CPU
		{70FE274F-D5C7-4BE9-A5D5-AFEF8761959D}.Debug|Any CPU.ActiveCfg = Debug|Any CPU
		{70FE274F-D5C7-4BE9-A5D5-AFEF8761959D}.Debug|Any CPU.Build.0 = Debug|Any CPU
		{70FE274F-D5C7-4BE9-A5D5-AFEF8761959D}.Release|Any CPU.ActiveCfg = Release|Any CPU
		{70FE274F-D5C7-4BE9-A5D5-AFEF8761959D}.Release|Any CPU.Build.0 = Release|Any CPU
		{349A1B22-5274-4C04-B8BF-9E7FA7737F8A}.Debug|Any CPU.ActiveCfg = Debug|Any CPU
		{349A1B22-5274-4C04-B8BF-9E7FA7737F8A}.Debug|Any CPU.Build.0 = Debug|Any CPU
		{349A1B22-5274-4C04-B8BF-9E7FA7737F8A}.Release|Any CPU.ActiveCfg = Release|Any CPU
		{349A1B22-5274-4C04-B8BF-9E7FA7737F8A}.Release|Any CPU.Build.0 = Release|Any CPU
	EndGlobalSection
	GlobalSection(NestedProjects) = preSolution
		{29A008A8-149D-471C-B9C3-4641BC376786} = {AEE98B3A-7F5E-41F0-9E28-0C5B9DA4FBEB}
		{B5375AC6-38EB-4BB0-B89C-C646BA4701B8} = {AEE98B3A-7F5E-41F0-9E28-0C5B9DA4FBEB}
		{AFAB18D3-432B-46B2-B229-A10A6E7917ED} = {AEE98B3A-7F5E-41F0-9E28-0C5B9DA4FBEB}
		{EDE6418D-A645-495C-85F3-BFDEC22EAE5D} = {85B2D35C-65F6-42A2-ABC8-F0CADD2A112A}
		{70FE274F-D5C7-4BE9-A5D5-AFEF8761959D} = {AEE98B3A-7F5E-41F0-9E28-0C5B9DA4FBEB}
		{349A1B22-5274-4C04-B8BF-9E7FA7737F8A} = {AEE98B3A-7F5E-41F0-9E28-0C5B9DA4FBEB}
	EndGlobalSection
EndGlobal
